PODS:
  - Feature1_swift (0.1.0):
    - Feature2_swift
  - Feature2_swift (0.1.0):
    - Feature3_objc
  - Feature3_objc (0.1.0)

DEPENDENCIES:
  - Feature1_swift (from `./ModularProject/DevPods/Feature1_swift/`)
  - Feature2_swift (from `./ModularProject/DevPods/Feature2_swift/`)
  - Feature3_objc (from `./ModularProject/DevPods/Feature3_objc/`)

EXTERNAL SOURCES:
  Feature1_swift:
    :path: "./ModularProject/DevPods/Feature1_swift/"
  Feature2_swift:
    :path: "./ModularProject/DevPods/Feature2_swift/"
  Feature3_objc:
    :path: "./ModularProject/DevPods/Feature3_objc/"

SPEC CHECKSUMS:
  Feature1_swift: 4073484c2abf08b235f710b29397030a8c286379
  Feature2_swift: fd272f114e26037ec12b050e82c53076730562b6
  Feature3_objc: 59451af75efe98a489be1c2147879f7a4a8c6ccd

PODFILE CHECKSUM: a77f1793d95102f26dd8baf2ccc73722305c4ef8

COCOAPODS: 1.9.1
