// !$*UTF8*$!
{
	archiveVersion = 1;
	classes = {
	};
	objectVersion = 51;
	objects = {

/* Begin PBXBuildFile section */
		4EE0FD9624B8178D00D8F5AB /* AppDelegate.swift in Sources */ = {isa = PBXBuildFile; fileRef = 4EE0FD9524B8178D00D8F5AB /* AppDelegate.swift */; };
		4EE0FD9824B8178D00D8F5AB /* SceneDelegate.swift in Sources */ = {isa = PBXBuildFile; fileRef = 4EE0FD9724B8178D00D8F5AB /* SceneDelegate.swift */; };
		4EE0FD9A24B8178D00D8F5AB /* ViewController.swift in Sources */ = {isa = PBXBuildFile; fileRef = 4EE0FD9924B8178D00D8F5AB /* ViewController.swift */; };
		4EE0FD9D24B8178D00D8F5AB /* Main.storyboard in Resources */ = {isa = PBXBuildFile; fileRef = 4EE0FD9B24B8178D00D8F5AB /* Main.storyboard */; };
		4EE0FD9F24B8179000D8F5AB /* Assets.xcassets in Resources */ = {isa = PBXBuildFile; fileRef = 4EE0FD9E24B8179000D8F5AB /* Assets.xcassets */; };
		4EE0FDA224B8179000D8F5AB /* LaunchScreen.storyboard in Resources */ = {isa = PBXBuildFile; fileRef = 4EE0FDA024B8179000D8F5AB /* LaunchScreen.storyboard */; };
		D3A1A7ABF162C9527C40C527 /* Pods_ModularProject.framework in Frameworks */ = {isa = PBXBuildFile; fileRef = 6C53D9F2067B5832FC7BFEBA /* Pods_ModularProject.framework */; };
/* End PBXBuildFile section */

/* Begin PBXFileReference section */
		141D5CF17CF4A63D6FBECBDF /* Pods-ModularProject.release.xcconfig */ = {isa = PBXFileReference; includeInIndex = 1; lastKnownFileType = text.xcconfig; name = "Pods-ModularProject.release.xcconfig"; path = "Target Support Files/Pods-ModularProject/Pods-ModularProject.release.xcconfig"; sourceTree = "<group>"; };
		4A7315AD550E488CD5FF82CF /* Pods-ModularProject.debug.xcconfig */ = {isa = PBXFileReference; includeInIndex = 1; lastKnownFileType = text.xcconfig; name = "Pods-ModularProject.debug.xcconfig"; path = "Target Support Files/Pods-ModularProject/Pods-ModularProject.debug.xcconfig"; sourceTree = "<group>"; };
		4EE0FD9224B8178D00D8F5AB /* ModularProject.app */ = {isa = PBXFileReference; explicitFileType = wrapper.application; includeInIndex = 0; path = ModularProject.app; sourceTree = BUILT_PRODUCTS_DIR; };
		4EE0FD9524B8178D00D8F5AB /* AppDelegate.swift */ = {isa = PBXFileReference; lastKnownFileType = sourcecode.swift; path = AppDelegate.swift; sourceTree = "<group>"; };
		4EE0FD9724B8178D00D8F5AB /* SceneDelegate.swift */ = {isa = PBXFileReference; lastKnownFileType = sourcecode.swift; path = SceneDelegate.swift; sourceTree = "<group>"; };
		4EE0FD9924B8178D00D8F5AB /* ViewController.swift */ = {isa = PBXFileReference; lastKnownFileType = sourcecode.swift; path = ViewController.swift; sourceTree = "<group>"; };
		4EE0FD9C24B8178D00D8F5AB /* Base */ = {isa = PBXFileReference; lastKnownFileType = file.storyboard; name = Base; path = Base.lproj/Main.storyboard; sourceTree = "<group>"; };
		4EE0FD9E24B8179000D8F5AB /* Assets.xcassets */ = {isa = PBXFileReference; lastKnownFileType = folder.assetcatalog; path = Assets.xcassets; sourceTree = "<group>"; };
		4EE0FDA124B8179000D8F5AB /* Base */ = {isa = PBXFileReference; lastKnownFileType = file.storyboard; name = Base; path = Base.lproj/LaunchScreen.storyboard; sourceTree = "<group>"; };
		4EE0FDA324B8179000D8F5AB /* Info.plist */ = {isa = PBXFileReference; lastKnownFileType = text.plist.xml; path = Info.plist; sourceTree = "<group>"; };
		6C53D9F2067B5832FC7BFEBA /* Pods_ModularProject.framework */ = {isa = PBXFileReference; explicitFileType = wrapper.framework; includeInIndex = 0; path = Pods_ModularProject.framework; sourceTree = BUILT_PRODUCTS_DIR; };
/* End PBXFileReference section */

/* Begin PBXFrameworksBuildPhase section */
		4EE0FD8F24B8178D00D8F5AB /* Frameworks */ = {
			isa = PBXFrameworksBuildPhase;
			buildActionMask = 2147483647;
			files = (
				D3A1A7ABF162C9527C40C527 /* Pods_ModularProject.framework in Frameworks */,
			);
			runOnlyForDeploymentPostprocessing = 0;
		};
/* End PBXFrameworksBuildPhase section */

/* Begin PBXGroup section */
		0863982E9D5AFA651D43E3D1 /* Frameworks */ = {
			isa = PBXGroup;
			children = (
				6C53D9F2067B5832FC7BFEBA /* Pods_ModularProject.framework */,
			);
			name = Frameworks;
			sourceTree = "<group>";
		};
		2C9E94684DB5F643DEFD4E75 /* Pods */ = {
			isa = PBXGroup;
			children = (
				4A7315AD550E488CD5FF82CF /* Pods-ModularProject.debug.xcconfig */,
				141D5CF17CF4A63D6FBECBDF /* Pods-ModularProject.release.xcconfig */,
			);
			path = Pods;
			sourceTree = "<group>";
		};
		4EE0FD8924B8178D00D8F5AB = {
			isa = PBXGroup;
			children = (
				4EE0FD9424B8178D00D8F5AB /* ModularProject */,
				4EE0FD9324B8178D00D8F5AB /* Products */,
				2C9E94684DB5F643DEFD4E75 /* Pods */,
				0863982E9D5AFA651D43E3D1 /* Frameworks */,
			);
			sourceTree = "<group>";
		};
		4EE0FD9324B8178D00D8F5AB /* Products */ = {
			isa = PBXGroup;
			children = (
				4EE0FD9224B8178D00D8F5AB /* ModularProject.app */,
			);
			name = Products;
			sourceTree = "<group>";
		};
		4EE0FD9424B8178D00D8F5AB /* ModularProject */ = {
			isa = PBXGroup;
			children = (
				4EE0FD9524B8178D00D8F5AB /* AppDelegate.swift */,
				4EE0FD9724B8178D00D8F5AB /* SceneDelegate.swift */,
				4EE0FD9924B8178D00D8F5AB /* ViewController.swift */,
				4EE0FD9B24B8178D00D8F5AB /* Main.storyboard */,
				4EE0FD9E24B8179000D8F5AB /* Assets.xcassets */,
				4EE0FDA024B8179000D8F5AB /* LaunchScreen.storyboard */,
				4EE0FDA324B8179000D8F5AB /* Info.plist */,
			);
			path = ModularProject;
			sourceTree = "<group>";
		};
/* End PBXGroup section */

/* Begin PBXNativeTarget section */
		4EE0FD9124B8178D00D8F5AB /* ModularProject */ = {
			isa = PBXNativeTarget;
			buildConfigurationList = 4EE0FDA624B8179000D8F5AB /* Build configuration list for PBXNativeTarget "ModularProject" */;
			buildPhases = (
				7EB7B96BE23192EA7722F680 /* [CP] Check Pods Manifest.lock */,
				4EE0FD8E24B8178D00D8F5AB /* Sources */,
				4EE0FD8F24B8178D00D8F5AB /* Frameworks */,
				4EE0FD9024B8178D00D8F5AB /* Resources */,
				F195272D9AB42F1059E18943 /* [CP] Embed Pods Frameworks */,
			);
			buildRules = (
			);
			dependencies = (
			);
			name = ModularProject;
			productName = ModularProject;
			productReference = 4EE0FD9224B8178D00D8F5AB /* ModularProject.app */;
			productType = "com.apple.product-type.application";
		};
/* End PBXNativeTarget section */

/* Begin PBXProject section */
		4EE0FD8A24B8178D00D8F5AB /* Project object */ = {
			isa = PBXProject;
			attributes = {
				LastSwiftUpdateCheck = 1150;
				LastUpgradeCheck = 1200;
				ORGANIZATIONNAME = vedon;
				TargetAttributes = {
					4EE0FD9124B8178D00D8F5AB = {
						CreatedOnToolsVersion = 11.5;
					};
				};
			};
			buildConfigurationList = 4EE0FD8D24B8178D00D8F5AB /* Build configuration list for PBXProject "ModularProject" */;
			compatibilityVersion = "Xcode 9.3";
			developmentRegion = en;
			hasScannedForEncodings = 0;
			knownRegions = (
				en,
				Base,
			);
			mainGroup = 4EE0FD8924B8178D00D8F5AB;
			productRefGroup = 4EE0FD9324B8178D00D8F5AB /* Products */;
			projectDirPath = "";
			projectRoot = "";
			targets = (
				4EE0FD9124B8178D00D8F5AB /* ModularProject */,
			);
		};
/* End PBXProject section */

/* Begin PBXResourcesBuildPhase section */
		4EE0FD9024B8178D00D8F5AB /* Resources */ = {
			isa = PBXResourcesBuildPhase;
			buildActionMask = 2147483647;
			files = (
				4EE0FDA224B8179000D8F5AB /* LaunchScreen.storyboard in Resources */,
				4EE0FD9F24B8179000D8F5AB /* Assets.xcassets in Resources */,
				4EE0FD9D24B8178D00D8F5AB /* Main.storyboard in Resources */,
			);
			runOnlyForDeploymentPostprocessing = 0;
		};
/* End PBXResourcesBuildPhase section */

/* Begin PBXShellScriptBuildPhase section */
		7EB7B96BE23192EA7722F680 /* [CP] Check Pods Manifest.lock */ = {
			isa = PBXShellScriptBuildPhase;
			buildActionMask = 2147483647;
			files = (
			);
			inputFileListPaths = (
			);
			inputPaths = (
				"${PODS_PODFILE_DIR_PATH}/Podfile.lock",
				"${PODS_ROOT}/Manifest.lock",
			);
			name = "[CP] Check Pods Manifest.lock";
			outputFileListPaths = (
			);
			outputPaths = (
				"$(DERIVED_FILE_DIR)/Pods-ModularProject-checkManifestLockResult.txt",
			);
			runOnlyForDeploymentPostprocessing = 0;
			shellPath = /bin/sh;
			shellScript = "diff \"${PODS_PODFILE_DIR_PATH}/Podfile.lock\" \"${PODS_ROOT}/Manifest.lock\" > /dev/null\nif [ $? != 0 ] ; then\n    # print error to STDERR\n    echo \"error: The sandbox is not in sync with the Podfile.lock. Run 'pod install' or update your CocoaPods installation.\" >&2\n    exit 1\nfi\n# This output is used by Xcode 'outputs' to avoid re-running this script phase.\necho \"SUCCESS\" > \"${SCRIPT_OUTPUT_FILE_0}\"\n";
			showEnvVarsInLog = 0;
		};
		F195272D9AB42F1059E18943 /* [CP] Embed Pods Frameworks */ = {
			isa = PBXShellScriptBuildPhase;
			buildActionMask = 2147483647;
			files = (
			);
			inputFileListPaths = (
				"${PODS_ROOT}/Target Support Files/Pods-ModularProject/Pods-ModularProject-frameworks-${CONFIGURATION}-input-files.xcfilelist",
			);
			name = "[CP] Embed Pods Frameworks";
			outputFileListPaths = (
				"${PODS_ROOT}/Target Support Files/Pods-ModularProject/Pods-ModularProject-frameworks-${CONFIGURATION}-output-files.xcfilelist",
			);
			runOnlyForDeploymentPostprocessing = 0;
			shellPath = /bin/sh;
			shellScript = "\"${PODS_ROOT}/Target Support Files/Pods-ModularProject/Pods-ModularProject-frameworks.sh\"\n";
			showEnvVarsInLog = 0;
		};
/* End PBXShellScriptBuildPhase section */

/* Begin PBXSourcesBuildPhase section */
		4EE0FD8E24B8178D00D8F5AB /* Sources */ = {
			isa = PBXSourcesBuildPhase;
			buildActionMask = 2147483647;
			files = (
				4EE0FD9A24B8178D00D8F5AB /* ViewController.swift in Sources */,
				4EE0FD9624B8178D00D8F5AB /* AppDelegate.swift in Sources */,
				4EE0FD9824B8178D00D8F5AB /* SceneDelegate.swift in Sources */,
			);
			runOnlyForDeploymentPostprocessing = 0;
		};
/* End PBXSourcesBuildPhase section */

/* Begin PBXVariantGroup section */
		4EE0FD9B24B8178D00D8F5AB /* Main.storyboard */ = {
			isa = PBXVariantGroup;
			children = (
				4EE0FD9C24B8178D00D8F5AB /* Base */,
			);
			name = Main.storyboard;
			sourceTree = "<group>";
		};
		4EE0FDA024B8179000D8F5AB /* LaunchScreen.storyboard */ = {
			isa = PBXVariantGroup;
			children = (
				4EE0FDA124B8179000D8F5AB /* Base */,
			);
			name = LaunchScreen.storyboard;
			sourceTree = "<group>";
		};
/* End PBXVariantGroup section */

/* Begin XCBuildConfiguration section */
		4EE0FDA424B8179000D8F5AB /* Debug */ = {
			isa = XCBuildConfiguration;
			buildSettings = {
				ALWAYS_SEARCH_USER_PATHS = NO;
				CLANG_ANALYZER_NONNULL = YES;
				CLANG_ANALYZER_NUMBER_OBJECT_CONVERSION = YES_AGGRESSIVE;
				CLANG_CXX_LANGUAGE_STANDARD = "gnu++14";
				CLANG_CXX_LIBRARY = "libc++";
				CLANG_ENABLE_MODULES = YES;
				CLANG_ENABLE_OBJC_ARC = YES;
				CLANG_ENABLE_OBJC_WEAK = YES;
				CLANG_WARN_BLOCK_CAPTURE_AUTORELEASING = YES;
				CLANG_WARN_BOOL_CONVERSION = YES;
				CLANG_WARN_COMMA = YES;
				CLANG_WARN_CONSTANT_CONVERSION = YES;
				CLANG_WARN_DEPRECATED_OBJC_IMPLEMENTATIONS = YES;
				CLANG_WARN_DIRECT_OBJC_ISA_USAGE = YES_ERROR;
				CLANG_WARN_DOCUMENTATION_COMMENTS = YES;
				CLANG_WARN_EMPTY_BODY = YES;
				CLANG_WARN_ENUM_CONVERSION = YES;
				CLANG_WARN_INFINITE_RECURSION = YES;
				CLANG_WARN_INT_CONVERSION = YES;
				CLANG_WARN_NON_LITERAL_NULL_CONVERSION = YES;
				CLANG_WARN_OBJC_IMPLICIT_RETAIN_SELF = YES;
				CLANG_WARN_OBJC_LITERAL_CONVERSION = YES;
				CLANG_WARN_OBJC_ROOT_CLASS = YES_ERROR;
				CLANG_WARN_QUOTED_INCLUDE_IN_FRAMEWORK_HEADER = YES;
				CLANG_WARN_RANGE_LOOP_ANALYSIS = YES;
				CLANG_WARN_STRICT_PROTOTYPES = YES;
				CLANG_WARN_SUSPICIOUS_MOVE = YES;
				CLANG_WARN_UNGUARDED_AVAILABILITY = YES_AGGRESSIVE;
				CLANG_WARN_UNREACHABLE_CODE = YES;
				CLANG_WARN__DUPLICATE_METHOD_MATCH = YES;
				COPY_PHASE_STRIP = NO;
				DEBUG_INFORMATION_FORMAT = dwarf;
				ENABLE_STRICT_OBJC_MSGSEND = YES;
				ENABLE_TESTABILITY = YES;
				GCC_C_LANGUAGE_STANDARD = gnu11;
				GCC_DYNAMIC_NO_PIC = NO;
				GCC_NO_COMMON_BLOCKS = YES;
				GCC_OPTIMIZATION_LEVEL = 0;
				GCC_PREPROCESSOR_DEFINITIONS = (
					"DEBUG=1",
					"$(inherited)",
				);
				GCC_WARN_64_TO_32_BIT_CONVERSION = YES;
				GCC_WARN_ABOUT_RETURN_TYPE = YES_ERROR;
				GCC_WARN_UNDECLARED_SELECTOR = YES;
				GCC_WARN_UNINITIALIZED_AUTOS = YES_AGGRESSIVE;
				GCC_WARN_UNUSED_FUNCTION = YES;
				GCC_WARN_UNUSED_VARIABLE = YES;
				IPHONEOS_DEPLOYMENT_TARGET = 13.5;
				MTL_ENABLE_DEBUG_INFO = INCLUDE_SOURCE;
				MTL_FAST_MATH = YES;
				ONLY_ACTIVE_ARCH = YES;
				SDKROOT = iphoneos;
				SWIFT_ACTIVE_COMPILATION_CONDITIONS = DEBUG;
				SWIFT_OPTIMIZATION_LEVEL = "-Onone";
			};
			name = Debug;
		};
		4EE0FDA524B8179000D8F5AB /* Release */ = {
			isa = XCBuildConfiguration;
			buildSettings = {
				ALWAYS_SEARCH_USER_PATHS = NO;
				CLANG_ANALYZER_NONNULL = YES;
				CLANG_ANALYZER_NUMBER_OBJECT_CONVERSION = YES_AGGRESSIVE;
				CLANG_CXX_LANGUAGE_STANDARD = "gnu++14";
				CLANG_CXX_LIBRARY = "libc++";
				CLANG_ENABLE_MODULES = YES;
				CLANG_ENABLE_OBJC_ARC = YES;
				CLANG_ENABLE_OBJC_WEAK = YES;
				CLANG_WARN_BLOCK_CAPTURE_AUTORELEASING = YES;
				CLANG_WARN_BOOL_CONVERSION = YES;
				CLANG_WARN_COMMA = YES;
				CLANG_WARN_CONSTANT_CONVERSION = YES;
				CLANG_WARN_DEPRECATED_OBJC_IMPLEMENTATIONS = YES;
				CLANG_WARN_DIRECT_OBJC_ISA_USAGE = YES_ERROR;
				CLANG_WARN_DOCUMENTATION_COMMENTS = YES;
				CLANG_WARN_EMPTY_BODY = YES;
				CLANG_WARN_ENUM_CONVERSION = YES;
				CLANG_WARN_INFINITE_RECURSION = YES;
				CLANG_WARN_INT_CONVERSION = YES;
				CLANG_WARN_NON_LITERAL_NULL_CONVERSION = YES;
				CLANG_WARN_OBJC_IMPLICIT_RETAIN_SELF = YES;
				CLANG_WARN_OBJC_LITERAL_CONVERSION = YES;
				CLANG_WARN_OBJC_ROOT_CLASS = YES_ERROR;
				CLANG_WARN_QUOTED_INCLUDE_IN_FRAMEWORK_HEADER = YES;
				CLANG_WARN_RANGE_LOOP_ANALYSIS = YES;
				CLANG_WARN_STRICT_PROTOTYPES = YES;
				CLANG_WARN_SUSPICIOUS_MOVE = YES;
				CLANG_WARN_UNGUARDED_AVAILABILITY = YES_AGGRESSIVE;
				CLANG_WARN_UNREACHABLE_CODE = YES;
				CLANG_WARN__DUPLICATE_METHOD_MATCH = YES;
				COPY_PHASE_STRIP = NO;
				DEBUG_INFORMATION_FORMAT = "dwarf-with-dsym";
				ENABLE_NS_ASSERTIONS = NO;
				ENABLE_STRICT_OBJC_MSGSEND = YES;
				GCC_C_LANGUAGE_STANDARD = gnu11;
				GCC_NO_COMMON_BLOCKS = YES;
				GCC_WARN_64_TO_32_BIT_CONVERSION = YES;
				GCC_WARN_ABOUT_RETURN_TYPE = YES_ERROR;
				GCC_WARN_UNDECLARED_SELECTOR = YES;
				GCC_WARN_UNINITIALIZED_AUTOS = YES_AGGRESSIVE;
				GCC_WARN_UNUSED_FUNCTION = YES;
				GCC_WARN_UNUSED_VARIABLE = YES;
				IPHONEOS_DEPLOYMENT_TARGET = 13.5;
				MTL_ENABLE_DEBUG_INFO = NO;
				MTL_FAST_MATH = YES;
				SDKROOT = iphoneos;
				SWIFT_COMPILATION_MODE = wholemodule;
				SWIFT_OPTIMIZATION_LEVEL = "-O";
				VALIDATE_PRODUCT = YES;
			};
			name = Release;
		};
		4EE0FDA724B8179000D8F5AB /* Debug */ = {
			isa = XCBuildConfiguration;
			baseConfigurationReference = 4A7315AD550E488CD5FF82CF /* Pods-ModularProject.debug.xcconfig */;
			buildSettings = {
				ASSETCATALOG_COMPILER_APPICON_NAME = AppIcon;
				CODE_SIGN_STYLE = Automatic;
				INFOPLIST_FILE = ModularProject/Info.plist;
				LD_RUNPATH_SEARCH_PATHS = (
					"$(inherited)",
					"@executable_path/Frameworks",
				);
				PRODUCT_BUNDLE_IDENTIFIER = vedon.ModularProject;
				PRODUCT_NAME = "$(TARGET_NAME)";
				SWIFT_VERSION = 5.0;
				TARGETED_DEVICE_FAMILY = "1,2";
			};
			name = Debug;
		};
		4EE0FDA824B8179000D8F5AB /* Release */ = {
			isa = XCBuildConfiguration;
			baseConfigurationReference = 141D5CF17CF4A63D6FBECBDF /* Pods-ModularProject.release.xcconfig */;
			buildSettings = {
				ASSETCATALOG_COMPILER_APPICON_NAME = AppIcon;
				CODE_SIGN_STYLE = Automatic;
				INFOPLIST_FILE = ModularProject/Info.plist;
				LD_RUNPATH_SEARCH_PATHS = (
					"$(inherited)",
					"@executable_path/Frameworks",
				);
				PRODUCT_BUNDLE_IDENTIFIER = vedon.ModularProject;
				PRODUCT_NAME = "$(TARGET_NAME)";
				SWIFT_VERSION = 5.0;
				TARGETED_DEVICE_FAMILY = "1,2";
			};
			name = Release;
		};
/* End XCBuildConfiguration section */

/* Begin XCConfigurationList section */
		4EE0FD8D24B8178D00D8F5AB /* Build configuration list for PBXProject "ModularProject" */ = {
			isa = XCConfigurationList;
			buildConfigurations = (
				4EE0FDA424B8179000D8F5AB /* Debug */,
				4EE0FDA524B8179000D8F5AB /* Release */,
			);
			defaultConfigurationIsVisible = 0;
			defaultConfigurationName = Release;
		};
		4EE0FDA624B8179000D8F5AB /* Build configuration list for PBXNativeTarget "ModularProject" */ = {
			isa = XCConfigurationList;
			buildConfigurations = (
				4EE0FDA724B8179000D8F5AB /* Debug */,
				4EE0FDA824B8179000D8F5AB /* Release */,
			);
			defaultConfigurationIsVisible = 0;
			defaultConfigurationName = Release;
		};
/* End XCConfigurationList section */
	};
	rootObject = 4EE0FD8A24B8178D00D8F5AB /* Project object */;
}
